<?xml version="1.0" encoding="UTF-8" standalone="yes" ?>
<CodeBlocks_project_file>
	<FileVersion major="1" minor="6" />
	<Project>
		<Option title="leyfakeserv" />
		<Option pch_mode="2" />
		<Option compiler="gcc" />
		<Build>
			<Target title="Release">
				<Option output="../build/release/leyfakeserv" prefix_auto="1" extension_auto="1" />
				<Option working_dir="../build/release" />
				<Option object_output="obj/Release/" />
				<Option type="1" />
				<Option compiler="gcc" />
				<Option parameters="37.187.136.82 27045 http://loading.lemonpunch.net/ww3rp/" />
				<Compiler>
					<Add option="-O3" />
					<Add option="-m32" />
					<Add option="-fPIC" />
					<Add option="-ldl" />
					<Add option="-lstdc++" />
					<Add option="-DNODEBUG" />
				</Compiler>
				<Linker>
					<Add option="-s" />
					<Add option="-m32" />
					<Add option="-fPIC" />
					<Add option="-ldl" />
					<Add option="-lstdc++" />
				</Linker>
			</Target>
			<Target title="Debug">
				<Option output="../build/debug/leyfakeserv" prefix_auto="1" extension_auto="1" />
				<Option working_dir="../build/debug" />
				<Option object_output="obj/Release/" />
				<Option type="1" />
				<Option compiler="gcc" />
				<Option parameters="37.187.136.82 27045 http://loading.lemonpunch.net/ww3rp/" />
				<Compiler>
					<Add option="-g" />
					<Add option="-m32" />
					<Add option="-fPIC" />
					<Add option="-ldl" />
					<Add option="-lstdc++" />
					<Add option="-DDEBUG" />
				</Compiler>
				<Linker>
					<Add option="-m32" />
					<Add option="-fPIC" />
					<Add option="-ldl" />
					<Add option="-lstdc++" />
				</Linker>
			</Target>
			<Target title="Release without symbols">
				<Option output="../build/release/leyfakeserv" prefix_auto="1" extension_auto="1" />
				<Option working_dir="../build/release" />
				<Option object_output="obj/Release/" />
				<Option type="1" />
				<Option compiler="gcc" />
				<Option parameters="37.187.136.82 27045 http://loading.lemonpunch.net/ww3rp/" />
				<Compiler>
					<Add option="-g" />
					<Add option="-m32" />
					<Add option="-fPIC" />
					<Add option="-ldl" />
					<Add option="-lstdc++" />
					<Add option="-DNODEBUG" />
				</Compiler>
				<Linker>
					<Add option="-m32" />
					<Add option="-fPIC" />
					<Add option="-ldl" />
					<Add option="-lstdc++" />
				</Linker>
			</Target>
		</Build>
		<Compiler>
			<Add option="-Wall" />
			<Add option="-fexceptions" />
		</Compiler>
		<Unit filename="ISteamClient008.h" />
		<Unit filename="ISteamGameServer009.h" />
		<Unit filename="ISteamMasterServerUpdater001.h" />
		<Unit filename="buf.cpp" />
		<Unit filename="buf.h" />
		<Unit filename="checksum_crc.cpp" />
		<Unit filename="checksum_crc.h" />
		<Unit filename="leyfakeserv.cpp" />
		<Unit filename="leyfakeserv.h" />
		<Unit filename="stdafx.cpp" />
		<Unit filename="stdafx.h" />
		<Unit filename="targetver.h" />
		<Unit filename="vector.h" />
		<Extensions>
			<code_completion />
			<envvars />
			<lib_finder disable_auto="1" />
			<debugger />
		</Extensions>
	</Project>
</CodeBlocks_project_file>
